
Microsoft Visual Studio Solution File, Format Version 12.00
# Visual Studio Version 17
VisualStudioVersion = 17.8.34525.116
MinimumVisualStudioVersion = 10.0.40219.1
Project("{FAE04EC0-301F-11D3-BF4B-00C04F79EFBC}") = "PayLess", "PayLess.csproj", "{1FE0B8D0-5A60-4BE4-8AE9-41C0EC42F5BA}"
EndProject
Global
	GlobalSection(SolutionConfigurationPlatforms) = preSolution
		Debug|Any CPU = Debug|Any CPU
		Release|Any CPU = Release|Any CPU
	EndGlobalSection
	GlobalSection(ProjectConfigurationPlatforms) = postSolution
		{1FE0B8D0-5A60-4BE4-8AE9-41C0EC42F5BA}.Debug|Any CPU.ActiveCfg = Debug|Any CPU
		{1FE0B8D0-5A60-4BE4-8AE9-41C0EC42F5BA}.Debug|Any CPU.Build.0 = Debug|Any CPU
		{1FE0B8D0-5A60-4BE4-8AE9-41C0EC42F5BA}.Release|Any CPU.ActiveCfg = Release|Any CPU
		{1FE0B8D0-5A60-4BE4-8AE9-41C0EC42F5BA}.Release|Any CPU.Build.0 = Release|Any CPU
	EndGlobalSection
	GlobalSection(SolutionProperties) = preSolution
		HideSolutionNode = FALSE
	EndGlobalSection
	GlobalSection(ExtensibilityGlobals) = postSolution
		SolutionGuid = {C96B971A-3374-4A0C-A777-B0949C02E463}
	EndGlobalSection
EndGlobal
